
Microsoft Visual Studio Solution File, Format Version 12.00
# Visual Studio Version 17
VisualStudioVersion = 17.1.32319.34
MinimumVisualStudioVersion = 10.0.40219.1
Project("{9A19103F-16F7-4668-BE54-9A1E7A4F7556}") = "GodotUtilities", "GodotUtilities\GodotUtilities.csproj", "{1458963F-740C-40CE-968B-EA21D6ADEE36}"
EndProject
Project("{9A19103F-16F7-4668-BE54-9A1E7A4F7556}") = "Turnable", "Source\Turnable.csproj", "{96B099A2-2CCD-49B7-A3E4-260C0B97D148}"
EndProject
Project("{9A19103F-16F7-4668-BE54-9A1E7A4F7556}") = "Tests", "Tests\Tests.csproj", "{AF3B18DF-519C-4AB1-85C0-5D9246F44031}"
EndProject
Global
	GlobalSection(SolutionConfigurationPlatforms) = preSolution
		Debug|Any CPU = Debug|Any CPU
		Release|Any CPU = Release|Any CPU
	EndGlobalSection
	GlobalSection(ProjectConfigurationPlatforms) = postSolution
		{1458963F-740C-40CE-968B-EA21D6ADEE36}.Debug|Any CPU.ActiveCfg = Debug|Any CPU
		{1458963F-740C-40CE-968B-EA21D6ADEE36}.Debug|Any CPU.Build.0 = Debug|Any CPU
		{1458963F-740C-40CE-968B-EA21D6ADEE36}.Release|Any CPU.ActiveCfg = Release|Any CPU
		{1458963F-740C-40CE-968B-EA21D6ADEE36}.Release|Any CPU.Build.0 = Release|Any CPU
		{96B099A2-2CCD-49B7-A3E4-260C0B97D148}.Debug|Any CPU.ActiveCfg = Debug|Any CPU
		{96B099A2-2CCD-49B7-A3E4-260C0B97D148}.Debug|Any CPU.Build.0 = Debug|Any CPU
		{96B099A2-2CCD-49B7-A3E4-260C0B97D148}.Release|Any CPU.ActiveCfg = Release|Any CPU
		{96B099A2-2CCD-49B7-A3E4-260C0B97D148}.Release|Any CPU.Build.0 = Release|Any CPU
		{AF3B18DF-519C-4AB1-85C0-5D9246F44031}.Debug|Any CPU.ActiveCfg = Debug|Any CPU
		{AF3B18DF-519C-4AB1-85C0-5D9246F44031}.Debug|Any CPU.Build.0 = Debug|Any CPU
		{AF3B18DF-519C-4AB1-85C0-5D9246F44031}.Release|Any CPU.ActiveCfg = Release|Any CPU
		{AF3B18DF-519C-4AB1-85C0-5D9246F44031}.Release|Any CPU.Build.0 = Release|Any CPU
	EndGlobalSection
	GlobalSection(SolutionProperties) = preSolution
		HideSolutionNode = FALSE
	EndGlobalSection
	GlobalSection(ExtensibilityGlobals) = postSolution
		SolutionGuid = {957AE4F9-577F-4D2B-862C-61BCC958EE00}
	EndGlobalSection
EndGlobal
