
Microsoft Visual Studio Solution File, Format Version 12.00
# Visual Studio Version 17
VisualStudioVersion = 17.1.32319.34
MinimumVisualStudioVersion = 10.0.40219.1
Project("{9A19103F-16F7-4668-BE54-9A1E7A4F7556}") = "Source", "Source\Source.csproj", "{81F5167E-F40C-4614-A3DD-85FB446CAF03}"
EndProject
Project("{FAE04EC0-301F-11D3-BF4B-00C04F79EFBC}") = "Tests", "Tests\Tests.csproj", "{520D4444-FE8C-4249-8BD0-12D1722B1DD0}"
EndProject
Global
	GlobalSection(SolutionConfigurationPlatforms) = preSolution
		Debug|Any CPU = Debug|Any CPU
		Release|Any CPU = Release|Any CPU
	EndGlobalSection
	GlobalSection(ProjectConfigurationPlatforms) = postSolution
		{81F5167E-F40C-4614-A3DD-85FB446CAF03}.Debug|Any CPU.ActiveCfg = Debug|Any CPU
		{81F5167E-F40C-4614-A3DD-85FB446CAF03}.Debug|Any CPU.Build.0 = Debug|Any CPU
		{81F5167E-F40C-4614-A3DD-85FB446CAF03}.Release|Any CPU.ActiveCfg = Release|Any CPU
		{81F5167E-F40C-4614-A3DD-85FB446CAF03}.Release|Any CPU.Build.0 = Release|Any CPU
		{520D4444-FE8C-4249-8BD0-12D1722B1DD0}.Debug|Any CPU.ActiveCfg = Debug|Any CPU
		{520D4444-FE8C-4249-8BD0-12D1722B1DD0}.Debug|Any CPU.Build.0 = Debug|Any CPU
		{520D4444-FE8C-4249-8BD0-12D1722B1DD0}.Release|Any CPU.ActiveCfg = Release|Any CPU
		{520D4444-FE8C-4249-8BD0-12D1722B1DD0}.Release|Any CPU.Build.0 = Release|Any CPU
	EndGlobalSection
	GlobalSection(SolutionProperties) = preSolution
		HideSolutionNode = FALSE
	EndGlobalSection
	GlobalSection(ExtensibilityGlobals) = postSolution
		SolutionGuid = {957AE4F9-577F-4D2B-862C-61BCC958EE00}
	EndGlobalSection
EndGlobal
